<?xml version="1.0" encoding="utf-8"?>
<Project ToolsVersion="4.0" xmlns="http://schemas.microsoft.com/developer/msbuild/2003">
  <ItemGroup>
    <Filter Include="源文件">
      <UniqueIdentifier>{4FC737F1-C7A5-4376-A066-2A32D752A2FF}</UniqueIdentifier>
      <Extensions>cpp;c;cc;cxx;c++;cppm;ixx;def;odl;idl;hpj;bat;asm;asmx</Extensions>
    </Filter>
    <Filter Include="头文件">
      <UniqueIdentifier>{93995380-89BD-4b04-88EB-625FBE52EBFB}</UniqueIdentifier>
      <Extensions>h;hh;hpp;hxx;h++;hm;inl;inc;ipp;xsd</Extensions>
    </Filter>
    <Filter Include="资源文件">
      <UniqueIdentifier>{67DA6AB6-F800-4c08-8B7A-83BB121AAD01}</UniqueIdentifier>
      <Extensions>rc;ico;cur;bmp;dlg;rc2;rct;bin;rgs;gif;jpg;jpeg;jpe;resx;tiff;tif;png;wav;mfcribbon-ms</Extensions>
    </Filter>
    <Filter Include="API">
      <UniqueIdentifier>{1c50247e-1e81-4d8e-8cbe-b21a81524872}</UniqueIdentifier>
    </Filter>
    <Filter Include="API\头文件">
      <UniqueIdentifier>{1a63c150-5ea8-461d-b5bb-f10e03908fee}</UniqueIdentifier>
    </Filter>
    <Filter Include="API\源文件">
      <UniqueIdentifier>{79095080-f7fd-452e-8cbd-60ca91f6fed4}</UniqueIdentifier>
    </Filter>
  </ItemGroup>
  <ItemGroup>
    <ClCompile Include="..\API\Button.cpp">
      <Filter>API\头文件</Filter>
    </ClCompile>
    <ClCompile Include="..\API\Error.cpp">
      <Filter>API\头文件</Filter>
    </ClCompile>
    <ClCompile Include="..\API\Ip_input_box_control.cpp">
      <Filter>API\头文件</Filter>
    </ClCompile>
    <ClCompile Include="..\API\Lable.cpp">
      <Filter>API\头文件</Filter>
    </ClCompile>
    <ClCompile Include="..\API\TextBox.cpp">
      <Filter>API\头文件</Filter>
    </ClCompile>
    <ClCompile Include="..\API\Tool.cpp">
      <Filter>API\头文件</Filter>
    </ClCompile>
    <ClCompile Include="ServerMain.cpp">
      <Filter>源文件</Filter>
    </ClCompile>
    <ClCompile Include="ServerTcpSocket.cpp">
      <Filter>源文件</Filter>
    </ClCompile>
    <ClCompile Include="ServerUI.cpp">
      <Filter>源文件</Filter>
    </ClCompile>
  </ItemGroup>
  <ItemGroup>
    <ClInclude Include="..\API\Button.h">
      <Filter>API\源文件</Filter>
    </ClInclude>
    <ClInclude Include="..\API\Error.h">
      <Filter>API\源文件</Filter>
    </ClInclude>
    <ClInclude Include="..\API\Ip_input_box_control.h">
      <Filter>API\源文件</Filter>
    </ClInclude>
    <ClInclude Include="..\API\Lable.h">
      <Filter>API\源文件</Filter>
    </ClInclude>
    <ClInclude Include="..\API\TextBox.h">
      <Filter>API\源文件</Filter>
    </ClInclude>
    <ClInclude Include="..\API\Tool.h">
      <Filter>API\源文件</Filter>
    </ClInclude>
    <ClInclude Include="ServerTcpSocket.h">
      <Filter>头文件</Filter>
    </ClInclude>
    <ClInclude Include="ServerUI.h">
      <Filter>头文件</Filter>
    </ClInclude>
    <ClInclude Include="resource.h">
      <Filter>头文件</Filter>
    </ClInclude>
    <ClInclude Include="resource1.h">
      <Filter>头文件</Filter>
    </ClInclude>
  </ItemGroup>
  <ItemGroup>
    <ResourceCompile Include="Server.rc">
      <Filter>资源文件</Filter>
    </ResourceCompile>
  </ItemGroup>
  <ItemGroup>
    <Image Include="91h6c-48sod-002.ico">
      <Filter>资源文件</Filter>
    </Image>
  </ItemGroup>
</Project>